{
  "requires": true,
  "lockfileVersion": 1,
  "dependencies": {
    "@coreui/coreui": {
      "version": "3.2.2",
      "resolved": "https://registry.npmjs.org/@coreui/coreui/-/coreui-3.2.2.tgz",
      "integrity": "sha512-LvQPLTigUeqOsZFmzXSl2Uz3Wx4Y0nvm3MJTVOEoyKl3tGhkBbe7P41He7277jxz3PyoiSX5vbRj8+WMHQIJTg=="
    }
  }
}
